
Microsoft Visual Studio Solution File, Format Version 12.00
# Visual Studio 14
VisualStudioVersion = 14.0.25420.1
MinimumVisualStudioVersion = 10.0.40219.1
Project("{FAE04EC0-301F-11D3-BF4B-00C04F79EFBC}") = "QL_Ban_Hang", "QL_Ban_Hang\QL_Ban_Hang.csproj", "{2A7DF391-CE2D-4105-827B-C6405D1D1FEB}"
EndProject
Global
	GlobalSection(SolutionConfigurationPlatforms) = preSolution
		Debug|Any CPU = Debug|Any CPU
		Release|Any CPU = Release|Any CPU
	EndGlobalSection
	GlobalSection(ProjectConfigurationPlatforms) = postSolution
		{2A7DF391-CE2D-4105-827B-C6405D1D1FEB}.Debug|Any CPU.ActiveCfg = Debug|Any CPU
		{2A7DF391-CE2D-4105-827B-C6405D1D1FEB}.Debug|Any CPU.Build.0 = Debug|Any CPU
		{2A7DF391-CE2D-4105-827B-C6405D1D1FEB}.Release|Any CPU.ActiveCfg = Release|Any CPU
		{2A7DF391-CE2D-4105-827B-C6405D1D1FEB}.Release|Any CPU.Build.0 = Release|Any CPU
	EndGlobalSection
	GlobalSection(SolutionProperties) = preSolution
		HideSolutionNode = FALSE
	EndGlobalSection
EndGlobal
